{
  "name": "@nextcapital/eslint-config-react-linter",
  "version": "2.0.0",
  "lockfileVersion": 1,
  "requires": true,
  "dependencies": {
    "auto-publish-package": {
      "version": "0.1.0",
      "resolved": "https://npm.nextcapital.com/auto-publish-package/-/auto-publish-package-0.1.0.tgz",
      "integrity": "sha512-GxEJPcw4B46SnnkrazeKf33w01MrVl5iPn7FRFrSi9PkkmpM3Kd3Ki4eKwKDya1z1APqxrcSlMHkrNehSfKliQ==",
      "dev": true
    }
  }
}
